{
  "nodes": {
    "flake-utils": {
      "locked": {
        "lastModified": 1634851050,
        "narHash": "sha256-N83GlSGPJJdcqhUxSCS/WwW5pksYf3VP1M13cDRTSVA=",
        "owner": "numtide",
        "repo": "flake-utils",
        "rev": "c91f3de5adaf1de973b797ef7485e441a65b8935",
        "type": "github"
      },
      "original": {
        "owner": "numtide",
        "repo": "flake-utils",
        "type": "github"
      }
    },
    "metaplex": {
      "flake": false,
      "locked": {
        "lastModified": 1635189818,
        "narHash": "sha256-V4CNO86uiHXIEUu9Vnda+hSDFWcHbsXfBnT5DiScGEY=",
        "owner": "metaplex-foundation",
        "repo": "metaplex",
        "rev": "fcc6a9d64acb42a1e750b83c3b46ad83b89e6376",
        "type": "github"
      },
      "original": {
        "owner": "metaplex-foundation",
        "repo": "metaplex",
        "type": "github"
      }
    },
    "nixpkgs": {
      "locked": {
        "lastModified": 1635188449,
        "narHash": "sha256-krEPulkZDrvHBTmtQ2uZhOFM0gB5u0O2x3PfmF82lpo=",
        "owner": "nixos",
        "repo": "nixpkgs",
        "rev": "f790fcd0bea2ef09f436e9d8088cfe2fea2c4c12",
        "type": "github"
      },
      "original": {
        "owner": "nixos",
        "ref": "nixpkgs-unstable",
        "repo": "nixpkgs",
        "type": "github"
      }
    },
    "npmlock2nixSrc": {
      "flake": false,
      "locked": {
        "lastModified": 1633944916,
        "narHash": "sha256-JrygNz4WRIP6iagNyi/13+4G2ioYBkk1Ob4tIiMZpsk=",
        "owner": "cidem",
        "repo": "npmlock2nix",
        "rev": "5bb43cf25e3fa55fc25b12ba040b332cb3bcd5a4",
        "type": "github"
      },
      "original": {
        "owner": "cidem",
        "ref": "fallback-char",
        "repo": "npmlock2nix",
        "type": "github"
      }
    },
    "root": {
      "inputs": {
        "flake-utils": "flake-utils",
        "metaplex": "metaplex",
        "nixpkgs": "nixpkgs",
        "npmlock2nixSrc": "npmlock2nixSrc"
      }
    }
  },
  "root": "root",
  "version": 7
}
