{
  "nodes": {
    "flake-utils": {
      "locked": {
        "lastModified": 1634851050,
        "narHash": "sha256-N83GlSGPJJdcqhUxSCS/WwW5pksYf3VP1M13cDRTSVA=",
        "owner": "numtide",
        "repo": "flake-utils",
        "rev": "c91f3de5adaf1de973b797ef7485e441a65b8935",
        "type": "github"
      },
      "original": {
        "owner": "numtide",
        "repo": "flake-utils",
        "type": "github"
      }
    },
    "metaplex": {
      "flake": false,
      "locked": {
        "lastModified": 1635380198,
        "narHash": "sha256-gkUUxrHS9xA5iNBRTYjz8BfXJ1far+MZA1ZTH6t/qrc=",
        "owner": "metaplex-foundation",
        "repo": "metaplex",
        "rev": "6209ced0572754d6ee66c194f3e47e0670a484e7",
        "type": "github"
      },
      "original": {
        "owner": "metaplex-foundation",
        "repo": "metaplex",
        "type": "github"
      }
    },
    "nixpkgs": {
      "locked": {
        "lastModified": 1635295995,
        "narHash": "sha256-sGYiXjFlxTTMNb4NSkgvX+knOOTipE6gqwPUQpxNF+c=",
        "owner": "nixos",
        "repo": "nixpkgs",
        "rev": "22a500a3f87bbce73bd8d777ef920b43a636f018",
        "type": "github"
      },
      "original": {
        "owner": "nixos",
        "ref": "nixpkgs-unstable",
        "repo": "nixpkgs",
        "type": "github"
      }
    },
    "npmlock2nixSrc": {
      "flake": false,
      "locked": {
        "lastModified": 1633944916,
        "narHash": "sha256-JrygNz4WRIP6iagNyi/13+4G2ioYBkk1Ob4tIiMZpsk=",
        "owner": "cidem",
        "repo": "npmlock2nix",
        "rev": "5bb43cf25e3fa55fc25b12ba040b332cb3bcd5a4",
        "type": "github"
      },
      "original": {
        "owner": "cidem",
        "ref": "fallback-char",
        "repo": "npmlock2nix",
        "type": "github"
      }
    },
    "root": {
      "inputs": {
        "flake-utils": "flake-utils",
        "metaplex": "metaplex",
        "nixpkgs": "nixpkgs",
        "npmlock2nixSrc": "npmlock2nixSrc"
      }
    }
  },
  "root": "root",
  "version": 7
}
