{
  "nodes": {
    "flake-utils": {
      "locked": {
        "lastModified": 1631561581,
        "narHash": "sha256-3VQMV5zvxaVLvqqUrNz3iJelLw30mIVSfZmAaauM3dA=",
        "owner": "numtide",
        "repo": "flake-utils",
        "rev": "7e5bf3925f6fbdfaf50a2a7ca0be2879c4261d19",
        "type": "github"
      },
      "original": {
        "owner": "numtide",
        "repo": "flake-utils",
        "type": "github"
      }
    },
    "metaplex": {
      "flake": false,
      "locked": {
        "lastModified": 1634573492,
        "narHash": "sha256-jaqSMOaeUcMae/wvDPlfVrjpOecaDifHHfv4c0JdMKo=",
        "owner": "metaplex-foundation",
        "repo": "metaplex",
        "rev": "0927e3e3ba1fd13ff27ccb0c4b64d9e724e5c736",
        "type": "github"
      },
      "original": {
        "owner": "metaplex-foundation",
        "repo": "metaplex",
        "type": "github"
      }
    },
    "nixpkgs": {
      "locked": {
        "lastModified": 1633422745,
        "narHash": "sha256-gA6Ok64nPbkjHk3Oanq4641EeYkjcKhisDF9wBjLxEk=",
        "owner": "nixos",
        "repo": "nixpkgs",
        "rev": "8e1eab9eae4278c9bb1dcae426848a581943db5a",
        "type": "github"
      },
      "original": {
        "owner": "nixos",
        "ref": "nixpkgs-unstable",
        "repo": "nixpkgs",
        "type": "github"
      }
    },
    "npmlock2nixSrc": {
      "flake": false,
      "locked": {
        "lastModified": 1633944916,
        "narHash": "sha256-JrygNz4WRIP6iagNyi/13+4G2ioYBkk1Ob4tIiMZpsk=",
        "owner": "cidem",
        "repo": "npmlock2nix",
        "rev": "5bb43cf25e3fa55fc25b12ba040b332cb3bcd5a4",
        "type": "github"
      },
      "original": {
        "owner": "cidem",
        "ref": "fallback-char",
        "repo": "npmlock2nix",
        "type": "github"
      }
    },
    "root": {
      "inputs": {
        "flake-utils": "flake-utils",
        "metaplex": "metaplex",
        "nixpkgs": "nixpkgs",
        "npmlock2nixSrc": "npmlock2nixSrc"
      }
    }
  },
  "root": "root",
  "version": 7
}
